// !$*UTF8*$!
{
	archiveVersion = 1;
	classes = {
	};
	objectVersion = 46;
	objects = {

/* Begin PBXBuildFile section */
		B51042361DFBEB51003F2C32 /* BaseSample.h in Headers */ = {isa = PBXBuildFile; fileRef = B51042341DFBEB51003F2C32 /* BaseSample.h */; settings = {ATTRIBUTES = (Public, ); }; };
		B51042501DFBECCC003F2C32 /* UIView+Extension.h in Headers */ = {isa = PBXBuildFile; fileRef = B510424E1DFBECCC003F2C32 /* UIView+Extension.h */; settings = {ATTRIBUTES = (Public, ); }; };
		B51042511DFBECCC003F2C32 /* UIView+Extension.m in Sources */ = {isa = PBXBuildFile; fileRef = B510424F1DFBECCC003F2C32 /* UIView+Extension.m */; };
		B56FB58D1DFC570D00B80A1F /* LibrarySample.framework in Frameworks */ = {isa = PBXBuildFile; fileRef = B510428B1DFC4B31003F2C32 /* LibrarySample.framework */; };
/* End PBXBuildFile section */

/* Begin PBXContainerItemProxy section */
		B510428A1DFC4B31003F2C32 /* PBXContainerItemProxy */ = {
			isa = PBXContainerItemProxy;
			containerPortal = B51042861DFC4B31003F2C32 /* LibrarySample.xcodeproj */;
			proxyType = 2;
			remoteGlobalIDString = B51042661DFBF04C003F2C32;
			remoteInfo = LibrarySample;
		};
/* End PBXContainerItemProxy section */

/* Begin PBXCopyFilesBuildPhase section */
		B51042841DFC4A0C003F2C32 /* Copy Files */ = {
			isa = PBXCopyFilesBuildPhase;
			buildActionMask = 2147483647;
			dstPath = "";
			dstSubfolderSpec = 10;
			files = (
			);
			name = "Copy Files";
			runOnlyForDeploymentPostprocessing = 0;
		};
/* End PBXCopyFilesBuildPhase section */

/* Begin PBXFileReference section */
		B51042311DFBEB51003F2C32 /* BaseSample.framework */ = {isa = PBXFileReference; explicitFileType = wrapper.framework; includeInIndex = 0; path = BaseSample.framework; sourceTree = BUILT_PRODUCTS_DIR; };
		B51042341DFBEB51003F2C32 /* BaseSample.h */ = {isa = PBXFileReference; lastKnownFileType = sourcecode.c.h; path = BaseSample.h; sourceTree = "<group>"; };
		B51042351DFBEB51003F2C32 /* Info.plist */ = {isa = PBXFileReference; lastKnownFileType = text.plist.xml; path = Info.plist; sourceTree = "<group>"; };
		B510424E1DFBECCC003F2C32 /* UIView+Extension.h */ = {isa = PBXFileReference; fileEncoding = 4; lastKnownFileType = sourcecode.c.h; path = "UIView+Extension.h"; sourceTree = "<group>"; };
		B510424F1DFBECCC003F2C32 /* UIView+Extension.m */ = {isa = PBXFileReference; fileEncoding = 4; lastKnownFileType = sourcecode.c.objc; path = "UIView+Extension.m"; sourceTree = "<group>"; };
		B51042861DFC4B31003F2C32 /* LibrarySample.xcodeproj */ = {isa = PBXFileReference; lastKnownFileType = "wrapper.pb-project"; name = LibrarySample.xcodeproj; path = LibrarySample/LibrarySample.xcodeproj; sourceTree = "<group>"; };
/* End PBXFileReference section */

/* Begin PBXFrameworksBuildPhase section */
		B510422D1DFBEB51003F2C32 /* Frameworks */ = {
			isa = PBXFrameworksBuildPhase;
			buildActionMask = 2147483647;
			files = (
				B56FB58D1DFC570D00B80A1F /* LibrarySample.framework in Frameworks */,
			);
			runOnlyForDeploymentPostprocessing = 0;
		};
/* End PBXFrameworksBuildPhase section */

/* Begin PBXGroup section */
		B51042271DFBEB51003F2C32 = {
			isa = PBXGroup;
			children = (
				B51042331DFBEB51003F2C32 /* BaseSample */,
				B51042321DFBEB51003F2C32 /* Products */,
			);
			sourceTree = "<group>";
		};
		B51042321DFBEB51003F2C32 /* Products */ = {
			isa = PBXGroup;
			children = (
				B51042311DFBEB51003F2C32 /* BaseSample.framework */,
			);
			name = Products;
			sourceTree = "<group>";
		};
		B51042331DFBEB51003F2C32 /* BaseSample */ = {
			isa = PBXGroup;
			children = (
				B51042861DFC4B31003F2C32 /* LibrarySample.xcodeproj */,
				B51042341DFBEB51003F2C32 /* BaseSample.h */,
				B51042351DFBEB51003F2C32 /* Info.plist */,
				B510424E1DFBECCC003F2C32 /* UIView+Extension.h */,
				B510424F1DFBECCC003F2C32 /* UIView+Extension.m */,
			);
			path = BaseSample;
			sourceTree = "<group>";
		};
		B51042871DFC4B31003F2C32 /* Products */ = {
			isa = PBXGroup;
			children = (
				B510428B1DFC4B31003F2C32 /* LibrarySample.framework */,
			);
			name = Products;
			sourceTree = "<group>";
		};
/* End PBXGroup section */

/* Begin PBXHeadersBuildPhase section */
		B510422E1DFBEB51003F2C32 /* Headers */ = {
			isa = PBXHeadersBuildPhase;
			buildActionMask = 2147483647;
			files = (
				B51042361DFBEB51003F2C32 /* BaseSample.h in Headers */,
				B51042501DFBECCC003F2C32 /* UIView+Extension.h in Headers */,
			);
			runOnlyForDeploymentPostprocessing = 0;
		};
/* End PBXHeadersBuildPhase section */

/* Begin PBXNativeTarget section */
		B51042301DFBEB51003F2C32 /* BaseSample */ = {
			isa = PBXNativeTarget;
			buildConfigurationList = B51042391DFBEB51003F2C32 /* Build configuration list for PBXNativeTarget "BaseSample" */;
			buildPhases = (
				B510422C1DFBEB51003F2C32 /* Sources */,
				B510422D1DFBEB51003F2C32 /* Frameworks */,
				B510422E1DFBEB51003F2C32 /* Headers */,
				B510422F1DFBEB51003F2C32 /* Resources */,
				B51042841DFC4A0C003F2C32 /* Copy Files */,
			);
			buildRules = (
			);
			dependencies = (
			);
			name = BaseSample;
			productName = BaseSample;
			productReference = B51042311DFBEB51003F2C32 /* BaseSample.framework */;
			productType = "com.apple.product-type.framework";
		};
/* End PBXNativeTarget section */

/* Begin PBXProject section */
		B51042281DFBEB51003F2C32 /* Project object */ = {
			isa = PBXProject;
			attributes = {
				LastUpgradeCheck = 0810;
				ORGANIZATIONNAME = "宗仁";
				TargetAttributes = {
					B51042301DFBEB51003F2C32 = {
						CreatedOnToolsVersion = 8.1;
						DevelopmentTeam = F379V5SD2J;
						ProvisioningStyle = Automatic;
					};
				};
			};
			buildConfigurationList = B510422B1DFBEB51003F2C32 /* Build configuration list for PBXProject "BaseSample" */;
			compatibilityVersion = "Xcode 3.2";
			developmentRegion = English;
			hasScannedForEncodings = 0;
			knownRegions = (
				en,
			);
			mainGroup = B51042271DFBEB51003F2C32;
			productRefGroup = B51042321DFBEB51003F2C32 /* Products */;
			projectDirPath = "";
			projectReferences = (
				{
					ProductGroup = B51042871DFC4B31003F2C32 /* Products */;
					ProjectRef = B51042861DFC4B31003F2C32 /* LibrarySample.xcodeproj */;
				},
			);
			projectRoot = "";
			targets = (
				B51042301DFBEB51003F2C32 /* BaseSample */,
			);
		};
/* End PBXProject section */

/* Begin PBXReferenceProxy section */
		B510428B1DFC4B31003F2C32 /* LibrarySample.framework */ = {
			isa = PBXReferenceProxy;
			fileType = wrapper.framework;
			path = LibrarySample.framework;
			remoteRef = B510428A1DFC4B31003F2C32 /* PBXContainerItemProxy */;
			sourceTree = BUILT_PRODUCTS_DIR;
		};
/* End PBXReferenceProxy section */

/* Begin PBXResourcesBuildPhase section */
		B510422F1DFBEB51003F2C32 /* Resources */ = {
			isa = PBXResourcesBuildPhase;
			buildActionMask = 2147483647;
			files = (
			);
			runOnlyForDeploymentPostprocessing = 0;
		};
/* End PBXResourcesBuildPhase section */

/* Begin PBXSourcesBuildPhase section */
		B510422C1DFBEB51003F2C32 /* Sources */ = {
			isa = PBXSourcesBuildPhase;
			buildActionMask = 2147483647;
			files = (
				B51042511DFBECCC003F2C32 /* UIView+Extension.m in Sources */,
			);
			runOnlyForDeploymentPostprocessing = 0;
		};
/* End PBXSourcesBuildPhase section */

/* Begin XCBuildConfiguration section */
		B51042371DFBEB51003F2C32 /* Debug */ = {
			isa = XCBuildConfiguration;
			buildSettings = {
				ALWAYS_SEARCH_USER_PATHS = NO;
				CLANG_ANALYZER_NONNULL = YES;
				CLANG_CXX_LANGUAGE_STANDARD = "gnu++0x";
				CLANG_CXX_LIBRARY = "libc++";
				CLANG_ENABLE_MODULES = YES;
				CLANG_ENABLE_OBJC_ARC = YES;
				CLANG_WARN_BOOL_CONVERSION = YES;
				CLANG_WARN_CONSTANT_CONVERSION = YES;
				CLANG_WARN_DIRECT_OBJC_ISA_USAGE = YES_ERROR;
				CLANG_WARN_DOCUMENTATION_COMMENTS = YES;
				CLANG_WARN_EMPTY_BODY = YES;
				CLANG_WARN_ENUM_CONVERSION = YES;
				CLANG_WARN_INFINITE_RECURSION = YES;
				CLANG_WARN_INT_CONVERSION = YES;
				CLANG_WARN_OBJC_ROOT_CLASS = YES_ERROR;
				CLANG_WARN_SUSPICIOUS_MOVES = YES;
				CLANG_WARN_UNREACHABLE_CODE = YES;
				CLANG_WARN__DUPLICATE_METHOD_MATCH = YES;
				"CODE_SIGN_IDENTITY[sdk=iphoneos*]" = "iPhone Developer";
				CONFIGURATION_BUILD_DIR = "$(SRCROOT)/Products";
				COPY_PHASE_STRIP = NO;
				CURRENT_PROJECT_VERSION = 1;
				DEBUG_INFORMATION_FORMAT = dwarf;
				ENABLE_STRICT_OBJC_MSGSEND = YES;
				ENABLE_TESTABILITY = YES;
				FRAMEWORK_SEARCH_PATHS = "";
				GCC_C_LANGUAGE_STANDARD = gnu99;
				GCC_DYNAMIC_NO_PIC = NO;
				GCC_NO_COMMON_BLOCKS = YES;
				GCC_OPTIMIZATION_LEVEL = 0;
				GCC_PREPROCESSOR_DEFINITIONS = (
					"DEBUG=1",
					"$(inherited)",
				);
				GCC_WARN_64_TO_32_BIT_CONVERSION = YES;
				GCC_WARN_ABOUT_RETURN_TYPE = YES_ERROR;
				GCC_WARN_UNDECLARED_SELECTOR = YES;
				GCC_WARN_UNINITIALIZED_AUTOS = YES_AGGRESSIVE;
				GCC_WARN_UNUSED_FUNCTION = YES;
				GCC_WARN_UNUSED_VARIABLE = YES;
				IPHONEOS_DEPLOYMENT_TARGET = 8.0;
				MTL_ENABLE_DEBUG_INFO = YES;
				ONLY_ACTIVE_ARCH = NO;
				OTHER_LDFLAGS = "";
				SDKROOT = iphoneos;
				TARGETED_DEVICE_FAMILY = "1,2";
				VERSIONING_SYSTEM = "apple-generic";
				VERSION_INFO_PREFIX = "";
			};
			name = Debug;
		};
		B51042381DFBEB51003F2C32 /* Release */ = {
			isa = XCBuildConfiguration;
			buildSettings = {
				ALWAYS_SEARCH_USER_PATHS = NO;
				CLANG_ANALYZER_NONNULL = YES;
				CLANG_CXX_LANGUAGE_STANDARD = "gnu++0x";
				CLANG_CXX_LIBRARY = "libc++";
				CLANG_ENABLE_MODULES = YES;
				CLANG_ENABLE_OBJC_ARC = YES;
				CLANG_WARN_BOOL_CONVERSION = YES;
				CLANG_WARN_CONSTANT_CONVERSION = YES;
				CLANG_WARN_DIRECT_OBJC_ISA_USAGE = YES_ERROR;
				CLANG_WARN_DOCUMENTATION_COMMENTS = YES;
				CLANG_WARN_EMPTY_BODY = YES;
				CLANG_WARN_ENUM_CONVERSION = YES;
				CLANG_WARN_INFINITE_RECURSION = YES;
				CLANG_WARN_INT_CONVERSION = YES;
				CLANG_WARN_OBJC_ROOT_CLASS = YES_ERROR;
				CLANG_WARN_SUSPICIOUS_MOVES = YES;
				CLANG_WARN_UNREACHABLE_CODE = YES;
				CLANG_WARN__DUPLICATE_METHOD_MATCH = YES;
				"CODE_SIGN_IDENTITY[sdk=iphoneos*]" = "iPhone Developer";
				CONFIGURATION_BUILD_DIR = "$(SRCROOT)/Products";
				COPY_PHASE_STRIP = NO;
				CURRENT_PROJECT_VERSION = 1;
				DEBUG_INFORMATION_FORMAT = "dwarf-with-dsym";
				ENABLE_NS_ASSERTIONS = NO;
				ENABLE_STRICT_OBJC_MSGSEND = YES;
				FRAMEWORK_SEARCH_PATHS = "";
				GCC_C_LANGUAGE_STANDARD = gnu99;
				GCC_NO_COMMON_BLOCKS = YES;
				GCC_WARN_64_TO_32_BIT_CONVERSION = YES;
				GCC_WARN_ABOUT_RETURN_TYPE = YES_ERROR;
				GCC_WARN_UNDECLARED_SELECTOR = YES;
				GCC_WARN_UNINITIALIZED_AUTOS = YES_AGGRESSIVE;
				GCC_WARN_UNUSED_FUNCTION = YES;
				GCC_WARN_UNUSED_VARIABLE = YES;
				IPHONEOS_DEPLOYMENT_TARGET = 8.0;
				MTL_ENABLE_DEBUG_INFO = NO;
				OTHER_LDFLAGS = "";
				SDKROOT = iphoneos;
				TARGETED_DEVICE_FAMILY = "1,2";
				VALIDATE_PRODUCT = YES;
				VERSIONING_SYSTEM = "apple-generic";
				VERSION_INFO_PREFIX = "";
			};
			name = Release;
		};
		B510423A1DFBEB51003F2C32 /* Debug */ = {
			isa = XCBuildConfiguration;
			buildSettings = {
				CODE_SIGN_IDENTITY = "";
				DEFINES_MODULE = YES;
				DEVELOPMENT_TEAM = F379V5SD2J;
				DYLIB_COMPATIBILITY_VERSION = 1;
				DYLIB_CURRENT_VERSION = 1;
				DYLIB_INSTALL_NAME_BASE = "@rpath";
				FRAMEWORK_SEARCH_PATHS = "$(PROJECT_DIR)/**";
				INFOPLIST_FILE = BaseSample/Info.plist;
				INSTALL_PATH = "$(LOCAL_LIBRARY_DIR)/Frameworks";
				LD_RUNPATH_SEARCH_PATHS = "$(inherited) @executable_path/Frameworks @loader_path/Frameworks";
				OTHER_LDFLAGS = (
					"-ObjC",
					"-all_load",
				);
				PRODUCT_BUNDLE_IDENTIFIER = me.zongren.BaseSample;
				PRODUCT_NAME = "$(TARGET_NAME)";
				SKIP_INSTALL = YES;
			};
			name = Debug;
		};
		B510423B1DFBEB51003F2C32 /* Release */ = {
			isa = XCBuildConfiguration;
			buildSettings = {
				CODE_SIGN_IDENTITY = "";
				DEFINES_MODULE = YES;
				DEVELOPMENT_TEAM = F379V5SD2J;
				DYLIB_COMPATIBILITY_VERSION = 1;
				DYLIB_CURRENT_VERSION = 1;
				DYLIB_INSTALL_NAME_BASE = "@rpath";
				FRAMEWORK_SEARCH_PATHS = "$(PROJECT_DIR)/**";
				INFOPLIST_FILE = BaseSample/Info.plist;
				INSTALL_PATH = "$(LOCAL_LIBRARY_DIR)/Frameworks";
				LD_RUNPATH_SEARCH_PATHS = "$(inherited) @executable_path/Frameworks @loader_path/Frameworks";
				OTHER_LDFLAGS = (
					"-ObjC",
					"-all_load",
				);
				PRODUCT_BUNDLE_IDENTIFIER = me.zongren.BaseSample;
				PRODUCT_NAME = "$(TARGET_NAME)";
				SKIP_INSTALL = YES;
			};
			name = Release;
		};
/* End XCBuildConfiguration section */

/* Begin XCConfigurationList section */
		B510422B1DFBEB51003F2C32 /* Build configuration list for PBXProject "BaseSample" */ = {
			isa = XCConfigurationList;
			buildConfigurations = (
				B51042371DFBEB51003F2C32 /* Debug */,
				B51042381DFBEB51003F2C32 /* Release */,
			);
			defaultConfigurationIsVisible = 0;
			defaultConfigurationName = Release;
		};
		B51042391DFBEB51003F2C32 /* Build configuration list for PBXNativeTarget "BaseSample" */ = {
			isa = XCConfigurationList;
			buildConfigurations = (
				B510423A1DFBEB51003F2C32 /* Debug */,
				B510423B1DFBEB51003F2C32 /* Release */,
			);
			defaultConfigurationIsVisible = 0;
			defaultConfigurationName = Release;
		};
/* End XCConfigurationList section */
	};
	rootObject = B51042281DFBEB51003F2C32 /* Project object */;
}
